// !$*UTF8*$!
{
	archiveVersion = 1;
	classes = {
	};
	objectVersion = 56;
	objects = {

/* Begin PBXBuildFile section */
		18D4C07729CA816B00D0C022 /* ChatGPTApp.swift in Sources */ = {isa = PBXBuildFile; fileRef = 18D4C07629CA816B00D0C022 /* ChatGPTApp.swift */; };
		18D4C07929CA816B00D0C022 /* ContentView.swift in Sources */ = {isa = PBXBuildFile; fileRef = 18D4C07829CA816B00D0C022 /* ContentView.swift */; };
		18D4C07B29CA816C00D0C022 /* Assets.xcassets in Resources */ = {isa = PBXBuildFile; fileRef = 18D4C07A29CA816C00D0C022 /* Assets.xcassets */; };
		18D4C07E29CA816C00D0C022 /* Preview Assets.xcassets in Resources */ = {isa = PBXBuildFile; fileRef = 18D4C07D29CA816C00D0C022 /* Preview Assets.xcassets */; };
		18D4C08829CA816C00D0C022 /* ChatGPTTests.swift in Sources */ = {isa = PBXBuildFile; fileRef = 18D4C08729CA816C00D0C022 /* ChatGPTTests.swift */; };
		18D4C09229CA816C00D0C022 /* ChatGPTUITests.swift in Sources */ = {isa = PBXBuildFile; fileRef = 18D4C09129CA816C00D0C022 /* ChatGPTUITests.swift */; };
		18D4C09429CA816C00D0C022 /* ChatGPTUITestsLaunchTests.swift in Sources */ = {isa = PBXBuildFile; fileRef = 18D4C09329CA816C00D0C022 /* ChatGPTUITestsLaunchTests.swift */; };
		18D4C0A129CBEA6C00D0C022 /* Constants.swift in Sources */ = {isa = PBXBuildFile; fileRef = 18D4C0A029CBEA6C00D0C022 /* Constants.swift */; };
		18D4C0A329CBEA9300D0C022 /* OpenAIService.swift in Sources */ = {isa = PBXBuildFile; fileRef = 18D4C0A229CBEA9300D0C022 /* OpenAIService.swift */; };
		18D4C0A529CBEAAC00D0C022 /* Notes.swift in Sources */ = {isa = PBXBuildFile; fileRef = 18D4C0A429CBEAAC00D0C022 /* Notes.swift */; };
		18D4C0A829CBEFC900D0C022 /* Alamofire in Frameworks */ = {isa = PBXBuildFile; productRef = 18D4C0A729CBEFC900D0C022 /* Alamofire */; };
/* End PBXBuildFile section */

/* Begin PBXContainerItemProxy section */
		18D4C08429CA816C00D0C022 /* PBXContainerItemProxy */ = {
			isa = PBXContainerItemProxy;
			containerPortal = 18D4C06B29CA816B00D0C022 /* Project object */;
			proxyType = 1;
			remoteGlobalIDString = 18D4C07229CA816B00D0C022;
			remoteInfo = ChatGPT;
		};
		18D4C08E29CA816C00D0C022 /* PBXContainerItemProxy */ = {
			isa = PBXContainerItemProxy;
			containerPortal = 18D4C06B29CA816B00D0C022 /* Project object */;
			proxyType = 1;
			remoteGlobalIDString = 18D4C07229CA816B00D0C022;
			remoteInfo = ChatGPT;
		};
/* End PBXContainerItemProxy section */

/* Begin PBXFileReference section */
		18D4C07329CA816B00D0C022 /* ChatGPT.app */ = {isa = PBXFileReference; explicitFileType = wrapper.application; includeInIndex = 0; path = ChatGPT.app; sourceTree = BUILT_PRODUCTS_DIR; };
		18D4C07629CA816B00D0C022 /* ChatGPTApp.swift */ = {isa = PBXFileReference; lastKnownFileType = sourcecode.swift; path = ChatGPTApp.swift; sourceTree = "<group>"; };
		18D4C07829CA816B00D0C022 /* ContentView.swift */ = {isa = PBXFileReference; lastKnownFileType = sourcecode.swift; path = ContentView.swift; sourceTree = "<group>"; };
		18D4C07A29CA816C00D0C022 /* Assets.xcassets */ = {isa = PBXFileReference; lastKnownFileType = folder.assetcatalog; path = Assets.xcassets; sourceTree = "<group>"; };
		18D4C07D29CA816C00D0C022 /* Preview Assets.xcassets */ = {isa = PBXFileReference; lastKnownFileType = folder.assetcatalog; path = "Preview Assets.xcassets"; sourceTree = "<group>"; };
		18D4C08329CA816C00D0C022 /* ChatGPTTests.xctest */ = {isa = PBXFileReference; explicitFileType = wrapper.cfbundle; includeInIndex = 0; path = ChatGPTTests.xctest; sourceTree = BUILT_PRODUCTS_DIR; };
		18D4C08729CA816C00D0C022 /* ChatGPTTests.swift */ = {isa = PBXFileReference; lastKnownFileType = sourcecode.swift; path = ChatGPTTests.swift; sourceTree = "<group>"; };
		18D4C08D29CA816C00D0C022 /* ChatGPTUITests.xctest */ = {isa = PBXFileReference; explicitFileType = wrapper.cfbundle; includeInIndex = 0; path = ChatGPTUITests.xctest; sourceTree = BUILT_PRODUCTS_DIR; };
		18D4C09129CA816C00D0C022 /* ChatGPTUITests.swift */ = {isa = PBXFileReference; lastKnownFileType = sourcecode.swift; path = ChatGPTUITests.swift; sourceTree = "<group>"; };
		18D4C09329CA816C00D0C022 /* ChatGPTUITestsLaunchTests.swift */ = {isa = PBXFileReference; lastKnownFileType = sourcecode.swift; path = ChatGPTUITestsLaunchTests.swift; sourceTree = "<group>"; };
		18D4C0A029CBEA6C00D0C022 /* Constants.swift */ = {isa = PBXFileReference; lastKnownFileType = sourcecode.swift; path = Constants.swift; sourceTree = "<group>"; };
		18D4C0A229CBEA9300D0C022 /* OpenAIService.swift */ = {isa = PBXFileReference; lastKnownFileType = sourcecode.swift; path = OpenAIService.swift; sourceTree = "<group>"; };
		18D4C0A429CBEAAC00D0C022 /* Notes.swift */ = {isa = PBXFileReference; lastKnownFileType = sourcecode.swift; path = Notes.swift; sourceTree = "<group>"; };
/* End PBXFileReference section */

/* Begin PBXFrameworksBuildPhase section */
		18D4C07029CA816B00D0C022 /* Frameworks */ = {
			isa = PBXFrameworksBuildPhase;
			buildActionMask = 2147483647;
			files = (
				18D4C0A829CBEFC900D0C022 /* Alamofire in Frameworks */,
			);
			runOnlyForDeploymentPostprocessing = 0;
		};
		18D4C08029CA816C00D0C022 /* Frameworks */ = {
			isa = PBXFrameworksBuildPhase;
			buildActionMask = 2147483647;
			files = (
			);
			runOnlyForDeploymentPostprocessing = 0;
		};
		18D4C08A29CA816C00D0C022 /* Frameworks */ = {
			isa = PBXFrameworksBuildPhase;
			buildActionMask = 2147483647;
			files = (
			);
			runOnlyForDeploymentPostprocessing = 0;
		};
/* End PBXFrameworksBuildPhase section */

/* Begin PBXGroup section */
		18D4C06A29CA816B00D0C022 = {
			isa = PBXGroup;
			children = (
				18D4C07529CA816B00D0C022 /* ChatGPT */,
				18D4C08629CA816C00D0C022 /* ChatGPTTests */,
				18D4C09029CA816C00D0C022 /* ChatGPTUITests */,
				18D4C07429CA816B00D0C022 /* Products */,
			);
			sourceTree = "<group>";
		};
		18D4C07429CA816B00D0C022 /* Products */ = {
			isa = PBXGroup;
			children = (
				18D4C07329CA816B00D0C022 /* ChatGPT.app */,
				18D4C08329CA816C00D0C022 /* ChatGPTTests.xctest */,
				18D4C08D29CA816C00D0C022 /* ChatGPTUITests.xctest */,
			);
			name = Products;
			sourceTree = "<group>";
		};
		18D4C07529CA816B00D0C022 /* ChatGPT */ = {
			isa = PBXGroup;
			children = (
				18D4C07629CA816B00D0C022 /* ChatGPTApp.swift */,
				18D4C07829CA816B00D0C022 /* ContentView.swift */,
				18D4C0A229CBEA9300D0C022 /* OpenAIService.swift */,
				18D4C0A029CBEA6C00D0C022 /* Constants.swift */,
				18D4C0A429CBEAAC00D0C022 /* Notes.swift */,
				18D4C07A29CA816C00D0C022 /* Assets.xcassets */,
				18D4C07C29CA816C00D0C022 /* Preview Content */,
			);
			path = ChatGPT;
			sourceTree = "<group>";
		};
		18D4C07C29CA816C00D0C022 /* Preview Content */ = {
			isa = PBXGroup;
			children = (
				18D4C07D29CA816C00D0C022 /* Preview Assets.xcassets */,
			);
			path = "Preview Content";
			sourceTree = "<group>";
		};
		18D4C08629CA816C00D0C022 /* ChatGPTTests */ = {
			isa = PBXGroup;
			children = (
				18D4C08729CA816C00D0C022 /* ChatGPTTests.swift */,
			);
			path = ChatGPTTests;
			sourceTree = "<group>";
		};
		18D4C09029CA816C00D0C022 /* ChatGPTUITests */ = {
			isa = PBXGroup;
			children = (
				18D4C09129CA816C00D0C022 /* ChatGPTUITests.swift */,
				18D4C09329CA816C00D0C022 /* ChatGPTUITestsLaunchTests.swift */,
			);
			path = ChatGPTUITests;
			sourceTree = "<group>";
		};
/* End PBXGroup section */

/* Begin PBXNativeTarget section */
		18D4C07229CA816B00D0C022 /* ChatGPT */ = {
			isa = PBXNativeTarget;
			buildConfigurationList = 18D4C09729CA816C00D0C022 /* Build configuration list for PBXNativeTarget "ChatGPT" */;
			buildPhases = (
				18D4C06F29CA816B00D0C022 /* Sources */,
				18D4C07029CA816B00D0C022 /* Frameworks */,
				18D4C07129CA816B00D0C022 /* Resources */,
			);
			buildRules = (
			);
			dependencies = (
			);
			name = ChatGPT;
			packageProductDependencies = (
				18D4C0A729CBEFC900D0C022 /* Alamofire */,
			);
			productName = ChatGPT;
			productReference = 18D4C07329CA816B00D0C022 /* ChatGPT.app */;
			productType = "com.apple.product-type.application";
		};
		18D4C08229CA816C00D0C022 /* ChatGPTTests */ = {
			isa = PBXNativeTarget;
			buildConfigurationList = 18D4C09A29CA816C00D0C022 /* Build configuration list for PBXNativeTarget "ChatGPTTests" */;
			buildPhases = (
				18D4C07F29CA816C00D0C022 /* Sources */,
				18D4C08029CA816C00D0C022 /* Frameworks */,
				18D4C08129CA816C00D0C022 /* Resources */,
			);
			buildRules = (
			);
			dependencies = (
				18D4C08529CA816C00D0C022 /* PBXTargetDependency */,
			);
			name = ChatGPTTests;
			productName = ChatGPTTests;
			productReference = 18D4C08329CA816C00D0C022 /* ChatGPTTests.xctest */;
			productType = "com.apple.product-type.bundle.unit-test";
		};
		18D4C08C29CA816C00D0C022 /* ChatGPTUITests */ = {
			isa = PBXNativeTarget;
			buildConfigurationList = 18D4C09D29CA816C00D0C022 /* Build configuration list for PBXNativeTarget "ChatGPTUITests" */;
			buildPhases = (
				18D4C08929CA816C00D0C022 /* Sources */,
				18D4C08A29CA816C00D0C022 /* Frameworks */,
				18D4C08B29CA816C00D0C022 /* Resources */,
			);
			buildRules = (
			);
			dependencies = (
				18D4C08F29CA816C00D0C022 /* PBXTargetDependency */,
			);
			name = ChatGPTUITests;
			productName = ChatGPTUITests;
			productReference = 18D4C08D29CA816C00D0C022 /* ChatGPTUITests.xctest */;
			productType = "com.apple.product-type.bundle.ui-testing";
		};
/* End PBXNativeTarget section */

/* Begin PBXProject section */
		18D4C06B29CA816B00D0C022 /* Project object */ = {
			isa = PBXProject;
			attributes = {
				BuildIndependentTargetsInParallel = 1;
				LastSwiftUpdateCheck = 1400;
				LastUpgradeCheck = 1400;
				TargetAttributes = {
					18D4C07229CA816B00D0C022 = {
						CreatedOnToolsVersion = 14.0.1;
					};
					18D4C08229CA816C00D0C022 = {
						CreatedOnToolsVersion = 14.0.1;
						TestTargetID = 18D4C07229CA816B00D0C022;
					};
					18D4C08C29CA816C00D0C022 = {
						CreatedOnToolsVersion = 14.0.1;
						TestTargetID = 18D4C07229CA816B00D0C022;
					};
				};
			};
			buildConfigurationList = 18D4C06E29CA816B00D0C022 /* Build configuration list for PBXProject "ChatGPT" */;
			compatibilityVersion = "Xcode 14.0";
			developmentRegion = en;
			hasScannedForEncodings = 0;
			knownRegions = (
				en,
				Base,
			);
			mainGroup = 18D4C06A29CA816B00D0C022;
			packageReferences = (
				18D4C0A629CBEFC900D0C022 /* XCRemoteSwiftPackageReference "Alamofire" */,
			);
			productRefGroup = 18D4C07429CA816B00D0C022 /* Products */;
			projectDirPath = "";
			projectRoot = "";
			targets = (
				18D4C07229CA816B00D0C022 /* ChatGPT */,
				18D4C08229CA816C00D0C022 /* ChatGPTTests */,
				18D4C08C29CA816C00D0C022 /* ChatGPTUITests */,
			);
		};
/* End PBXProject section */

/* Begin PBXResourcesBuildPhase section */
		18D4C07129CA816B00D0C022 /* Resources */ = {
			isa = PBXResourcesBuildPhase;
			buildActionMask = 2147483647;
			files = (
				18D4C07E29CA816C00D0C022 /* Preview Assets.xcassets in Resources */,
				18D4C07B29CA816C00D0C022 /* Assets.xcassets in Resources */,
			);
			runOnlyForDeploymentPostprocessing = 0;
		};
		18D4C08129CA816C00D0C022 /* Resources */ = {
			isa = PBXResourcesBuildPhase;
			buildActionMask = 2147483647;
			files = (
			);
			runOnlyForDeploymentPostprocessing = 0;
		};
		18D4C08B29CA816C00D0C022 /* Resources */ = {
			isa = PBXResourcesBuildPhase;
			buildActionMask = 2147483647;
			files = (
			);
			runOnlyForDeploymentPostprocessing = 0;
		};
/* End PBXResourcesBuildPhase section */

/* Begin PBXSourcesBuildPhase section */
		18D4C06F29CA816B00D0C022 /* Sources */ = {
			isa = PBXSourcesBuildPhase;
			buildActionMask = 2147483647;
			files = (
				18D4C07929CA816B00D0C022 /* ContentView.swift in Sources */,
				18D4C0A529CBEAAC00D0C022 /* Notes.swift in Sources */,
				18D4C07729CA816B00D0C022 /* ChatGPTApp.swift in Sources */,
				18D4C0A129CBEA6C00D0C022 /* Constants.swift in Sources */,
				18D4C0A329CBEA9300D0C022 /* OpenAIService.swift in Sources */,
			);
			runOnlyForDeploymentPostprocessing = 0;
		};
		18D4C07F29CA816C00D0C022 /* Sources */ = {
			isa = PBXSourcesBuildPhase;
			buildActionMask = 2147483647;
			files = (
				18D4C08829CA816C00D0C022 /* ChatGPTTests.swift in Sources */,
			);
			runOnlyForDeploymentPostprocessing = 0;
		};
		18D4C08929CA816C00D0C022 /* Sources */ = {
			isa = PBXSourcesBuildPhase;
			buildActionMask = 2147483647;
			files = (
				18D4C09429CA816C00D0C022 /* ChatGPTUITestsLaunchTests.swift in Sources */,
				18D4C09229CA816C00D0C022 /* ChatGPTUITests.swift in Sources */,
			);
			runOnlyForDeploymentPostprocessing = 0;
		};
/* End PBXSourcesBuildPhase section */

/* Begin PBXTargetDependency section */
		18D4C08529CA816C00D0C022 /* PBXTargetDependency */ = {
			isa = PBXTargetDependency;
			target = 18D4C07229CA816B00D0C022 /* ChatGPT */;
			targetProxy = 18D4C08429CA816C00D0C022 /* PBXContainerItemProxy */;
		};
		18D4C08F29CA816C00D0C022 /* PBXTargetDependency */ = {
			isa = PBXTargetDependency;
			target = 18D4C07229CA816B00D0C022 /* ChatGPT */;
			targetProxy = 18D4C08E29CA816C00D0C022 /* PBXContainerItemProxy */;
		};
/* End PBXTargetDependency section */

/* Begin XCBuildConfiguration section */
		18D4C09529CA816C00D0C022 /* Debug */ = {
			isa = XCBuildConfiguration;
			buildSettings = {
				ALWAYS_SEARCH_USER_PATHS = NO;
				CLANG_ANALYZER_NONNULL = YES;
				CLANG_ANALYZER_NUMBER_OBJECT_CONVERSION = YES_AGGRESSIVE;
				CLANG_CXX_LANGUAGE_STANDARD = "gnu++20";
				CLANG_ENABLE_MODULES = YES;
				CLANG_ENABLE_OBJC_ARC = YES;
				CLANG_ENABLE_OBJC_WEAK = YES;
				CLANG_WARN_BLOCK_CAPTURE_AUTORELEASING = YES;
				CLANG_WARN_BOOL_CONVERSION = YES;
				CLANG_WARN_COMMA = YES;
				CLANG_WARN_CONSTANT_CONVERSION = YES;
				CLANG_WARN_DEPRECATED_OBJC_IMPLEMENTATIONS = YES;
				CLANG_WARN_DIRECT_OBJC_ISA_USAGE = YES_ERROR;
				CLANG_WARN_DOCUMENTATION_COMMENTS = YES;
				CLANG_WARN_EMPTY_BODY = YES;
				CLANG_WARN_ENUM_CONVERSION = YES;
				CLANG_WARN_INFINITE_RECURSION = YES;
				CLANG_WARN_INT_CONVERSION = YES;
				CLANG_WARN_NON_LITERAL_NULL_CONVERSION = YES;
				CLANG_WARN_OBJC_IMPLICIT_RETAIN_SELF = YES;
				CLANG_WARN_OBJC_LITERAL_CONVERSION = YES;
				CLANG_WARN_OBJC_ROOT_CLASS = YES_ERROR;
				CLANG_WARN_QUOTED_INCLUDE_IN_FRAMEWORK_HEADER = YES;
				CLANG_WARN_RANGE_LOOP_ANALYSIS = YES;
				CLANG_WARN_STRICT_PROTOTYPES = YES;
				CLANG_WARN_SUSPICIOUS_MOVE = YES;
				CLANG_WARN_UNGUARDED_AVAILABILITY = YES_AGGRESSIVE;
				CLANG_WARN_UNREACHABLE_CODE = YES;
				CLANG_WARN__DUPLICATE_METHOD_MATCH = YES;
				COPY_PHASE_STRIP = NO;
				DEBUG_INFORMATION_FORMAT = dwarf;
				ENABLE_STRICT_OBJC_MSGSEND = YES;
				ENABLE_TESTABILITY = YES;
				GCC_C_LANGUAGE_STANDARD = gnu11;
				GCC_DYNAMIC_NO_PIC = NO;
				GCC_NO_COMMON_BLOCKS = YES;
				GCC_OPTIMIZATION_LEVEL = 0;
				GCC_PREPROCESSOR_DEFINITIONS = (
					"DEBUG=1",
					"$(inherited)",
				);
				GCC_WARN_64_TO_32_BIT_CONVERSION = YES;
				GCC_WARN_ABOUT_RETURN_TYPE = YES_ERROR;
				GCC_WARN_UNDECLARED_SELECTOR = YES;
				GCC_WARN_UNINITIALIZED_AUTOS = YES_AGGRESSIVE;
				GCC_WARN_UNUSED_FUNCTION = YES;
				GCC_WARN_UNUSED_VARIABLE = YES;
				IPHONEOS_DEPLOYMENT_TARGET = 16.0;
				MTL_ENABLE_DEBUG_INFO = INCLUDE_SOURCE;
				MTL_FAST_MATH = YES;
				ONLY_ACTIVE_ARCH = YES;
				SDKROOT = iphoneos;
				SWIFT_ACTIVE_COMPILATION_CONDITIONS = DEBUG;
				SWIFT_OPTIMIZATION_LEVEL = "-Onone";
			};
			name = Debug;
		};
		18D4C09629CA816C00D0C022 /* Release */ = {
			isa = XCBuildConfiguration;
			buildSettings = {
				ALWAYS_SEARCH_USER_PATHS = NO;
				CLANG_ANALYZER_NONNULL = YES;
				CLANG_ANALYZER_NUMBER_OBJECT_CONVERSION = YES_AGGRESSIVE;
				CLANG_CXX_LANGUAGE_STANDARD = "gnu++20";
				CLANG_ENABLE_MODULES = YES;
				CLANG_ENABLE_OBJC_ARC = YES;
				CLANG_ENABLE_OBJC_WEAK = YES;
				CLANG_WARN_BLOCK_CAPTURE_AUTORELEASING = YES;
				CLANG_WARN_BOOL_CONVERSION = YES;
				CLANG_WARN_COMMA = YES;
				CLANG_WARN_CONSTANT_CONVERSION = YES;
				CLANG_WARN_DEPRECATED_OBJC_IMPLEMENTATIONS = YES;
				CLANG_WARN_DIRECT_OBJC_ISA_USAGE = YES_ERROR;
				CLANG_WARN_DOCUMENTATION_COMMENTS = YES;
				CLANG_WARN_EMPTY_BODY = YES;
				CLANG_WARN_ENUM_CONVERSION = YES;
				CLANG_WARN_INFINITE_RECURSION = YES;
				CLANG_WARN_INT_CONVERSION = YES;
				CLANG_WARN_NON_LITERAL_NULL_CONVERSION = YES;
				CLANG_WARN_OBJC_IMPLICIT_RETAIN_SELF = YES;
				CLANG_WARN_OBJC_LITERAL_CONVERSION = YES;
				CLANG_WARN_OBJC_ROOT_CLASS = YES_ERROR;
				CLANG_WARN_QUOTED_INCLUDE_IN_FRAMEWORK_HEADER = YES;
				CLANG_WARN_RANGE_LOOP_ANALYSIS = YES;
				CLANG_WARN_STRICT_PROTOTYPES = YES;
				CLANG_WARN_SUSPICIOUS_MOVE = YES;
				CLANG_WARN_UNGUARDED_AVAILABILITY = YES_AGGRESSIVE;
				CLANG_WARN_UNREACHABLE_CODE = YES;
				CLANG_WARN__DUPLICATE_METHOD_MATCH = YES;
				COPY_PHASE_STRIP = NO;
				DEBUG_INFORMATION_FORMAT = "dwarf-with-dsym";
				ENABLE_NS_ASSERTIONS = NO;
				ENABLE_STRICT_OBJC_MSGSEND = YES;
				GCC_C_LANGUAGE_STANDARD = gnu11;
				GCC_NO_COMMON_BLOCKS = YES;
				GCC_WARN_64_TO_32_BIT_CONVERSION = YES;
				GCC_WARN_ABOUT_RETURN_TYPE = YES_ERROR;
				GCC_WARN_UNDECLARED_SELECTOR = YES;
				GCC_WARN_UNINITIALIZED_AUTOS = YES_AGGRESSIVE;
				GCC_WARN_UNUSED_FUNCTION = YES;
				GCC_WARN_UNUSED_VARIABLE = YES;
				IPHONEOS_DEPLOYMENT_TARGET = 16.0;
				MTL_ENABLE_DEBUG_INFO = NO;
				MTL_FAST_MATH = YES;
				SDKROOT = iphoneos;
				SWIFT_COMPILATION_MODE = wholemodule;
				SWIFT_OPTIMIZATION_LEVEL = "-O";
				VALIDATE_PRODUCT = YES;
			};
			name = Release;
		};
		18D4C09829CA816C00D0C022 /* Debug */ = {
			isa = XCBuildConfiguration;
			buildSettings = {
				ASSETCATALOG_COMPILER_APPICON_NAME = AppIcon;
				ASSETCATALOG_COMPILER_GLOBAL_ACCENT_COLOR_NAME = AccentColor;
				CODE_SIGN_STYLE = Automatic;
				CURRENT_PROJECT_VERSION = 1;
				DEVELOPMENT_ASSET_PATHS = "\"ChatGPT/Preview Content\"";
				ENABLE_PREVIEWS = YES;
				GENERATE_INFOPLIST_FILE = YES;
				INFOPLIST_KEY_UIApplicationSceneManifest_Generation = YES;
				INFOPLIST_KEY_UIApplicationSupportsIndirectInputEvents = YES;
				INFOPLIST_KEY_UILaunchScreen_Generation = YES;
				INFOPLIST_KEY_UISupportedInterfaceOrientations_iPad = "UIInterfaceOrientationPortrait UIInterfaceOrientationPortraitUpsideDown UIInterfaceOrientationLandscapeLeft UIInterfaceOrientationLandscapeRight";
				INFOPLIST_KEY_UISupportedInterfaceOrientations_iPhone = "UIInterfaceOrientationPortrait UIInterfaceOrientationLandscapeLeft UIInterfaceOrientationLandscapeRight";
				LD_RUNPATH_SEARCH_PATHS = (
					"$(inherited)",
					"@executable_path/Frameworks",
				);
				MARKETING_VERSION = 1.0;
				PRODUCT_BUNDLE_IDENTIFIER = melissaribeiro.ChatGPT;
				PRODUCT_NAME = "$(TARGET_NAME)";
				SWIFT_EMIT_LOC_STRINGS = YES;
				SWIFT_VERSION = 5.0;
				TARGETED_DEVICE_FAMILY = "1,2";
			};
			name = Debug;
		};
		18D4C09929CA816C00D0C022 /* Release */ = {
			isa = XCBuildConfiguration;
			buildSettings = {
				ASSETCATALOG_COMPILER_APPICON_NAME = AppIcon;
				ASSETCATALOG_COMPILER_GLOBAL_ACCENT_COLOR_NAME = AccentColor;
				CODE_SIGN_STYLE = Automatic;
				CURRENT_PROJECT_VERSION = 1;
				DEVELOPMENT_ASSET_PATHS = "\"ChatGPT/Preview Content\"";
				ENABLE_PREVIEWS = YES;
				GENERATE_INFOPLIST_FILE = YES;
				INFOPLIST_KEY_UIApplicationSceneManifest_Generation = YES;
				INFOPLIST_KEY_UIApplicationSupportsIndirectInputEvents = YES;
				INFOPLIST_KEY_UILaunchScreen_Generation = YES;
				INFOPLIST_KEY_UISupportedInterfaceOrientations_iPad = "UIInterfaceOrientationPortrait UIInterfaceOrientationPortraitUpsideDown UIInterfaceOrientationLandscapeLeft UIInterfaceOrientationLandscapeRight";
				INFOPLIST_KEY_UISupportedInterfaceOrientations_iPhone = "UIInterfaceOrientationPortrait UIInterfaceOrientationLandscapeLeft UIInterfaceOrientationLandscapeRight";
				LD_RUNPATH_SEARCH_PATHS = (
					"$(inherited)",
					"@executable_path/Frameworks",
				);
				MARKETING_VERSION = 1.0;
				PRODUCT_BUNDLE_IDENTIFIER = melissaribeiro.ChatGPT;
				PRODUCT_NAME = "$(TARGET_NAME)";
				SWIFT_EMIT_LOC_STRINGS = YES;
				SWIFT_VERSION = 5.0;
				TARGETED_DEVICE_FAMILY = "1,2";
			};
			name = Release;
		};
		18D4C09B29CA816C00D0C022 /* Debug */ = {
			isa = XCBuildConfiguration;
			buildSettings = {
				ALWAYS_EMBED_SWIFT_STANDARD_LIBRARIES = YES;
				BUNDLE_LOADER = "$(TEST_HOST)";
				CODE_SIGN_STYLE = Automatic;
				CURRENT_PROJECT_VERSION = 1;
				GENERATE_INFOPLIST_FILE = YES;
				IPHONEOS_DEPLOYMENT_TARGET = 16.0;
				MARKETING_VERSION = 1.0;
				PRODUCT_BUNDLE_IDENTIFIER = melissaribeiro.ChatGPTTests;
				PRODUCT_NAME = "$(TARGET_NAME)";
				SWIFT_EMIT_LOC_STRINGS = NO;
				SWIFT_VERSION = 5.0;
				TARGETED_DEVICE_FAMILY = "1,2";
				TEST_HOST = "$(BUILT_PRODUCTS_DIR)/ChatGPT.app/$(BUNDLE_EXECUTABLE_FOLDER_PATH)/ChatGPT";
			};
			name = Debug;
		};
		18D4C09C29CA816C00D0C022 /* Release */ = {
			isa = XCBuildConfiguration;
			buildSettings = {
				ALWAYS_EMBED_SWIFT_STANDARD_LIBRARIES = YES;
				BUNDLE_LOADER = "$(TEST_HOST)";
				CODE_SIGN_STYLE = Automatic;
				CURRENT_PROJECT_VERSION = 1;
				GENERATE_INFOPLIST_FILE = YES;
				IPHONEOS_DEPLOYMENT_TARGET = 16.0;
				MARKETING_VERSION = 1.0;
				PRODUCT_BUNDLE_IDENTIFIER = melissaribeiro.ChatGPTTests;
				PRODUCT_NAME = "$(TARGET_NAME)";
				SWIFT_EMIT_LOC_STRINGS = NO;
				SWIFT_VERSION = 5.0;
				TARGETED_DEVICE_FAMILY = "1,2";
				TEST_HOST = "$(BUILT_PRODUCTS_DIR)/ChatGPT.app/$(BUNDLE_EXECUTABLE_FOLDER_PATH)/ChatGPT";
			};
			name = Release;
		};
		18D4C09E29CA816C00D0C022 /* Debug */ = {
			isa = XCBuildConfiguration;
			buildSettings = {
				ALWAYS_EMBED_SWIFT_STANDARD_LIBRARIES = YES;
				CODE_SIGN_STYLE = Automatic;
				CURRENT_PROJECT_VERSION = 1;
				GENERATE_INFOPLIST_FILE = YES;
				MARKETING_VERSION = 1.0;
				PRODUCT_BUNDLE_IDENTIFIER = melissaribeiro.ChatGPTUITests;
				PRODUCT_NAME = "$(TARGET_NAME)";
				SWIFT_EMIT_LOC_STRINGS = NO;
				SWIFT_VERSION = 5.0;
				TARGETED_DEVICE_FAMILY = "1,2";
				TEST_TARGET_NAME = ChatGPT;
			};
			name = Debug;
		};
		18D4C09F29CA816C00D0C022 /* Release */ = {
			isa = XCBuildConfiguration;
			buildSettings = {
				ALWAYS_EMBED_SWIFT_STANDARD_LIBRARIES = YES;
				CODE_SIGN_STYLE = Automatic;
				CURRENT_PROJECT_VERSION = 1;
				GENERATE_INFOPLIST_FILE = YES;
				MARKETING_VERSION = 1.0;
				PRODUCT_BUNDLE_IDENTIFIER = melissaribeiro.ChatGPTUITests;
				PRODUCT_NAME = "$(TARGET_NAME)";
				SWIFT_EMIT_LOC_STRINGS = NO;
				SWIFT_VERSION = 5.0;
				TARGETED_DEVICE_FAMILY = "1,2";
				TEST_TARGET_NAME = ChatGPT;
			};
			name = Release;
		};
/* End XCBuildConfiguration section */

/* Begin XCConfigurationList section */
		18D4C06E29CA816B00D0C022 /* Build configuration list for PBXProject "ChatGPT" */ = {
			isa = XCConfigurationList;
			buildConfigurations = (
				18D4C09529CA816C00D0C022 /* Debug */,
				18D4C09629CA816C00D0C022 /* Release */,
			);
			defaultConfigurationIsVisible = 0;
			defaultConfigurationName = Release;
		};
		18D4C09729CA816C00D0C022 /* Build configuration list for PBXNativeTarget "ChatGPT" */ = {
			isa = XCConfigurationList;
			buildConfigurations = (
				18D4C09829CA816C00D0C022 /* Debug */,
				18D4C09929CA816C00D0C022 /* Release */,
			);
			defaultConfigurationIsVisible = 0;
			defaultConfigurationName = Release;
		};
		18D4C09A29CA816C00D0C022 /* Build configuration list for PBXNativeTarget "ChatGPTTests" */ = {
			isa = XCConfigurationList;
			buildConfigurations = (
				18D4C09B29CA816C00D0C022 /* Debug */,
				18D4C09C29CA816C00D0C022 /* Release */,
			);
			defaultConfigurationIsVisible = 0;
			defaultConfigurationName = Release;
		};
		18D4C09D29CA816C00D0C022 /* Build configuration list for PBXNativeTarget "ChatGPTUITests" */ = {
			isa = XCConfigurationList;
			buildConfigurations = (
				18D4C09E29CA816C00D0C022 /* Debug */,
				18D4C09F29CA816C00D0C022 /* Release */,
			);
			defaultConfigurationIsVisible = 0;
			defaultConfigurationName = Release;
		};
/* End XCConfigurationList section */

/* Begin XCRemoteSwiftPackageReference section */
		18D4C0A629CBEFC900D0C022 /* XCRemoteSwiftPackageReference "Alamofire" */ = {
			isa = XCRemoteSwiftPackageReference;
			repositoryURL = "https://github.com/Alamofire/Alamofire";
			requirement = {
				kind = upToNextMinorVersion;
				minimumVersion = 5.6.0;
			};
		};
/* End XCRemoteSwiftPackageReference section */

/* Begin XCSwiftPackageProductDependency section */
		18D4C0A729CBEFC900D0C022 /* Alamofire */ = {
			isa = XCSwiftPackageProductDependency;
			package = 18D4C0A629CBEFC900D0C022 /* XCRemoteSwiftPackageReference "Alamofire" */;
			productName = Alamofire;
		};
/* End XCSwiftPackageProductDependency section */
	};
	rootObject = 18D4C06B29CA816B00D0C022 /* Project object */;
}
